# This file is automatically @generated by Poetry 1.8.1 and should not be changed by hand.

[[package]]
name = "cd_py_consts"
version = "0.0.2"
description = ""
optional = false
python-versions = "*"
files = []
develop = false

[package.source]
type = "git"
url = "https://github.com/RulezKT/cd_py_consts.git"
reference = "HEAD"
resolved_reference = "22ed0d152fa65b6da940ce70823513fee35afa48"

[metadata]
lock-version = "2.0"
python-versions = "^3.12"
content-hash = "8a917041ca4d3fa4bc7b377ed3f4c5d6cdd2e10938fccc798c871f67206783b3"
