# This file is automatically @generated by Poetry 1.8.1 and should not be changed by hand.

[[package]]
name = "cd_py_consts"
version = "0.0.2"
description = ""
optional = false
python-versions = "*"
files = []
develop = false

[package.source]
type = "git"
url = "https://github.com/RulezKT/cd_py_consts.git"
reference = "HEAD"
resolved_reference = "22ed0d152fa65b6da940ce70823513fee35afa48"

[metadata]
lock-version = "2.0"
python-versions = "*"
content-hash = "10ba1256e37b57ef131f31d454fdb1fcbcd3c07d10c9bebff85783e2354f5795"
